
Microsoft Visual Studio Solution File, Format Version 12.00
# Visual Studio 15
VisualStudioVersion = 15.0.27703.2042
MinimumVisualStudioVersion = 10.0.40219.1
Project("{FAE04EC0-301F-11D3-BF4B-00C04F79EFBC}") = "BowlingBallScoring", "BowlingBallScoring\BowlingBallScoring.csproj", "{FC7E42AA-A375-4AC0-A15F-973484DBDF16}"
EndProject
Project("{FAE04EC0-301F-11D3-BF4B-00C04F79EFBC}") = "BowlingBall.Tests", "BowlingBall.Tests\BowlingBall.Tests.csproj", "{C2C55FCE-D956-42F6-AD7B-79D55AF8D3E3}"
EndProject
Global
	GlobalSection(SolutionConfigurationPlatforms) = preSolution
		Debug|Any CPU = Debug|Any CPU
		Release|Any CPU = Release|Any CPU
	EndGlobalSection
	GlobalSection(ProjectConfigurationPlatforms) = postSolution
		{FC7E42AA-A375-4AC0-A15F-973484DBDF16}.Debug|Any CPU.ActiveCfg = Debug|Any CPU
		{FC7E42AA-A375-4AC0-A15F-973484DBDF16}.Debug|Any CPU.Build.0 = Debug|Any CPU
		{FC7E42AA-A375-4AC0-A15F-973484DBDF16}.Release|Any CPU.ActiveCfg = Release|Any CPU
		{FC7E42AA-A375-4AC0-A15F-973484DBDF16}.Release|Any CPU.Build.0 = Release|Any CPU
		{C2C55FCE-D956-42F6-AD7B-79D55AF8D3E3}.Debug|Any CPU.ActiveCfg = Debug|Any CPU
		{C2C55FCE-D956-42F6-AD7B-79D55AF8D3E3}.Debug|Any CPU.Build.0 = Debug|Any CPU
		{C2C55FCE-D956-42F6-AD7B-79D55AF8D3E3}.Release|Any CPU.ActiveCfg = Release|Any CPU
		{C2C55FCE-D956-42F6-AD7B-79D55AF8D3E3}.Release|Any CPU.Build.0 = Release|Any CPU
	EndGlobalSection
	GlobalSection(SolutionProperties) = preSolution
		HideSolutionNode = FALSE
	EndGlobalSection
	GlobalSection(ExtensibilityGlobals) = postSolution
		SolutionGuid = {86E4ACE0-7609-45D3-BFB7-FACEC417BCEB}
	EndGlobalSection
EndGlobal
